
Microsoft Visual Studio Solution File, Format Version 12.00
# Visual Studio 2015
Project("{FAE04EC0-301F-11D3-BF4B-00C04F79EFBC}") = "WayOut.CSharp", "WayOut.CSharp.csproj", "{29FB21ED-69B6-ABCF-242A-106C1720CBAF}"
EndProject
Project("{FAE04EC0-301F-11D3-BF4B-00C04F79EFBC}") = "WayOut.CSharp.Editor", "WayOut.CSharp.Editor.csproj", "{EAC7FF60-A9B1-BDE7-D401-715C846C16F4}"
EndProject
Global
	GlobalSection(SolutionConfigurationPlatforms) = preSolution
		Debug|Any CPU = Debug|Any CPU
		Release|Any CPU = Release|Any CPU
	EndGlobalSection
	GlobalSection(ProjectConfigurationPlatforms) = postSolution
		{29FB21ED-69B6-ABCF-242A-106C1720CBAF}.Debug|Any CPU.ActiveCfg = Debug|Any CPU
		{29FB21ED-69B6-ABCF-242A-106C1720CBAF}.Debug|Any CPU.Build.0 = Debug|Any CPU
		{29FB21ED-69B6-ABCF-242A-106C1720CBAF}.Release|Any CPU.ActiveCfg = Release|Any CPU
		{29FB21ED-69B6-ABCF-242A-106C1720CBAF}.Release|Any CPU.Build.0 = Release|Any CPU
		{EAC7FF60-A9B1-BDE7-D401-715C846C16F4}.Debug|Any CPU.ActiveCfg = Debug|Any CPU
		{EAC7FF60-A9B1-BDE7-D401-715C846C16F4}.Debug|Any CPU.Build.0 = Debug|Any CPU
		{EAC7FF60-A9B1-BDE7-D401-715C846C16F4}.Release|Any CPU.ActiveCfg = Release|Any CPU
		{EAC7FF60-A9B1-BDE7-D401-715C846C16F4}.Release|Any CPU.Build.0 = Release|Any CPU
	EndGlobalSection
	GlobalSection(SolutionProperties) = preSolution
		HideSolutionNode = FALSE
	EndGlobalSection
EndGlobal
